
Microsoft Visual Studio Solution File, Format Version 12.00
# Visual Studio Version 16
VisualStudioVersion = 16.0.28803.202
MinimumVisualStudioVersion = 10.0.40219.1
Project("{FAE04EC0-301F-11D3-BF4B-00C04F79EFBC}") = "MutualFunds_StatementRequest", "Mutual Funds Statement Tracker\MutualFunds_StatementRequest.csproj", "{8C827011-E52D-4B59-81A7-FAEFB5BBEC91}"
EndProject
Global
	GlobalSection(SolutionConfigurationPlatforms) = preSolution
		Debug|Any CPU = Debug|Any CPU
		Release|Any CPU = Release|Any CPU
	EndGlobalSection
	GlobalSection(ProjectConfigurationPlatforms) = postSolution
		{8C827011-E52D-4B59-81A7-FAEFB5BBEC91}.Debug|Any CPU.ActiveCfg = Debug|Any CPU
		{8C827011-E52D-4B59-81A7-FAEFB5BBEC91}.Debug|Any CPU.Build.0 = Debug|Any CPU
		{8C827011-E52D-4B59-81A7-FAEFB5BBEC91}.Release|Any CPU.ActiveCfg = Release|Any CPU
		{8C827011-E52D-4B59-81A7-FAEFB5BBEC91}.Release|Any CPU.Build.0 = Release|Any CPU
	EndGlobalSection
	GlobalSection(SolutionProperties) = preSolution
		HideSolutionNode = FALSE
	EndGlobalSection
	GlobalSection(ExtensibilityGlobals) = postSolution
		SolutionGuid = {685016C1-C0E0-4BC1-87D8-CA2430757889}
	EndGlobalSection
EndGlobal
